
Microsoft Visual Studio Solution File, Format Version 12.00
# Visual Studio Version 16
VisualStudioVersion = 16.0.29306.81
MinimumVisualStudioVersion = 10.0.40219.1
Project("{FAE04EC0-301F-11D3-BF4B-00C04F79EFBC}") = "SortingAlgorithms", "SortingAlgorithms\SortingAlgorithms.csproj", "{D9032B55-AEF4-45BA-A724-9A94FE16A78B}"
EndProject
Global
	GlobalSection(SolutionConfigurationPlatforms) = preSolution
		Debug|Any CPU = Debug|Any CPU
		Release|Any CPU = Release|Any CPU
	EndGlobalSection
	GlobalSection(ProjectConfigurationPlatforms) = postSolution
		{D9032B55-AEF4-45BA-A724-9A94FE16A78B}.Debug|Any CPU.ActiveCfg = Debug|Any CPU
		{D9032B55-AEF4-45BA-A724-9A94FE16A78B}.Debug|Any CPU.Build.0 = Debug|Any CPU
		{D9032B55-AEF4-45BA-A724-9A94FE16A78B}.Release|Any CPU.ActiveCfg = Release|Any CPU
		{D9032B55-AEF4-45BA-A724-9A94FE16A78B}.Release|Any CPU.Build.0 = Release|Any CPU
	EndGlobalSection
	GlobalSection(SolutionProperties) = preSolution
		HideSolutionNode = FALSE
	EndGlobalSection
	GlobalSection(ExtensibilityGlobals) = postSolution
		SolutionGuid = {8DB6FF7E-0EDB-4A31-AD15-AD6D16F460F6}
	EndGlobalSection
EndGlobal
